{
  "requires": true,
  "lockfileVersion": 1,
  "dependencies": {
    "codemirror": {
      "version": "5.59.1",
      "resolved": "https://registry.npmjs.org/codemirror/-/codemirror-5.59.1.tgz",
      "integrity": "sha512-d0SSW/PCCD4LoSCBPdnP0BzmZB1v3emomCUtVlIWgZHJ06yVeBOvBtOH7vYz707pfAvEeWbO9aP6akh8vl1V3w=="
    },
    "react-codemirror2": {
      "version": "7.2.1",
      "resolved": "https://registry.npmjs.org/react-codemirror2/-/react-codemirror2-7.2.1.tgz",
      "integrity": "sha512-t7YFmz1AXdlImgHXA9Ja0T6AWuopilub24jRaQdPVbzUJVNKIYuy3uCFZYa7CE5S3UW6SrSa5nAqVQvtzRF9gw=="
    }
  }
}
